// !$*UTF8*$!
{
	archiveVersion = 1;
	classes = {
	};
	objectVersion = 48;
	objects = {

/* Begin PBXBuildFile section */
		A8D6A8F820C518F7002AC027 /* AppDelegate.swift in Sources */ = {isa = PBXBuildFile; fileRef = A8D6A8F720C518F7002AC027 /* AppDelegate.swift */; };
		A8D6A8FA20C518F7002AC027 /* ViewController.swift in Sources */ = {isa = PBXBuildFile; fileRef = A8D6A8F920C518F7002AC027 /* ViewController.swift */; };
		A8D6A8FD20C518F7002AC027 /* Main.storyboard in Resources */ = {isa = PBXBuildFile; fileRef = A8D6A8FB20C518F7002AC027 /* Main.storyboard */; };
		A8D6A90020C518F7002AC027 /* MVVMDemo.xcdatamodeld in Sources */ = {isa = PBXBuildFile; fileRef = A8D6A8FE20C518F7002AC027 /* MVVMDemo.xcdatamodeld */; };
		A8D6A90220C518F7002AC027 /* Assets.xcassets in Resources */ = {isa = PBXBuildFile; fileRef = A8D6A90120C518F7002AC027 /* Assets.xcassets */; };
		A8D6A90520C518F7002AC027 /* LaunchScreen.storyboard in Resources */ = {isa = PBXBuildFile; fileRef = A8D6A90320C518F7002AC027 /* LaunchScreen.storyboard */; };
		A8D6A91020C518F7002AC027 /* MVVMDemoTests.swift in Sources */ = {isa = PBXBuildFile; fileRef = A8D6A90F20C518F7002AC027 /* MVVMDemoTests.swift */; };
		A8D6A91B20C518F7002AC027 /* MVVMDemoUITests.swift in Sources */ = {isa = PBXBuildFile; fileRef = A8D6A91A20C518F7002AC027 /* MVVMDemoUITests.swift */; };
/* End PBXBuildFile section */

/* Begin PBXContainerItemProxy section */
		A8D6A90C20C518F7002AC027 /* PBXContainerItemProxy */ = {
			isa = PBXContainerItemProxy;
			containerPortal = A8D6A8EC20C518F7002AC027 /* Project object */;
			proxyType = 1;
			remoteGlobalIDString = A8D6A8F320C518F7002AC027;
			remoteInfo = MVVMDemo;
		};
		A8D6A91720C518F7002AC027 /* PBXContainerItemProxy */ = {
			isa = PBXContainerItemProxy;
			containerPortal = A8D6A8EC20C518F7002AC027 /* Project object */;
			proxyType = 1;
			remoteGlobalIDString = A8D6A8F320C518F7002AC027;
			remoteInfo = MVVMDemo;
		};
/* End PBXContainerItemProxy section */

/* Begin PBXFileReference section */
		A8D6A8F420C518F7002AC027 /* MVVMDemo.app */ = {isa = PBXFileReference; explicitFileType = wrapper.application; includeInIndex = 0; path = MVVMDemo.app; sourceTree = BUILT_PRODUCTS_DIR; };
		A8D6A8F720C518F7002AC027 /* AppDelegate.swift */ = {isa = PBXFileReference; lastKnownFileType = sourcecode.swift; path = AppDelegate.swift; sourceTree = "<group>"; };
		A8D6A8F920C518F7002AC027 /* ViewController.swift */ = {isa = PBXFileReference; lastKnownFileType = sourcecode.swift; path = ViewController.swift; sourceTree = "<group>"; };
		A8D6A8FC20C518F7002AC027 /* Base */ = {isa = PBXFileReference; lastKnownFileType = file.storyboard; name = Base; path = Base.lproj/Main.storyboard; sourceTree = "<group>"; };
		A8D6A8FF20C518F7002AC027 /* MVVMDemo.xcdatamodel */ = {isa = PBXFileReference; lastKnownFileType = wrapper.xcdatamodel; path = MVVMDemo.xcdatamodel; sourceTree = "<group>"; };
		A8D6A90120C518F7002AC027 /* Assets.xcassets */ = {isa = PBXFileReference; lastKnownFileType = folder.assetcatalog; path = Assets.xcassets; sourceTree = "<group>"; };
		A8D6A90420C518F7002AC027 /* Base */ = {isa = PBXFileReference; lastKnownFileType = file.storyboard; name = Base; path = Base.lproj/LaunchScreen.storyboard; sourceTree = "<group>"; };
		A8D6A90620C518F7002AC027 /* Info.plist */ = {isa = PBXFileReference; lastKnownFileType = text.plist.xml; path = Info.plist; sourceTree = "<group>"; };
		A8D6A90B20C518F7002AC027 /* MVVMDemoTests.xctest */ = {isa = PBXFileReference; explicitFileType = wrapper.cfbundle; includeInIndex = 0; path = MVVMDemoTests.xctest; sourceTree = BUILT_PRODUCTS_DIR; };
		A8D6A90F20C518F7002AC027 /* MVVMDemoTests.swift */ = {isa = PBXFileReference; lastKnownFileType = sourcecode.swift; path = MVVMDemoTests.swift; sourceTree = "<group>"; };
		A8D6A91120C518F7002AC027 /* Info.plist */ = {isa = PBXFileReference; lastKnownFileType = text.plist.xml; path = Info.plist; sourceTree = "<group>"; };
		A8D6A91620C518F7002AC027 /* MVVMDemoUITests.xctest */ = {isa = PBXFileReference; explicitFileType = wrapper.cfbundle; includeInIndex = 0; path = MVVMDemoUITests.xctest; sourceTree = BUILT_PRODUCTS_DIR; };
		A8D6A91A20C518F7002AC027 /* MVVMDemoUITests.swift */ = {isa = PBXFileReference; lastKnownFileType = sourcecode.swift; path = MVVMDemoUITests.swift; sourceTree = "<group>"; };
		A8D6A91C20C518F7002AC027 /* Info.plist */ = {isa = PBXFileReference; lastKnownFileType = text.plist.xml; path = Info.plist; sourceTree = "<group>"; };
/* End PBXFileReference section */

/* Begin PBXFrameworksBuildPhase section */
		A8D6A8F120C518F7002AC027 /* Frameworks */ = {
			isa = PBXFrameworksBuildPhase;
			buildActionMask = 2147483647;
			files = (
			);
			runOnlyForDeploymentPostprocessing = 0;
		};
		A8D6A90820C518F7002AC027 /* Frameworks */ = {
			isa = PBXFrameworksBuildPhase;
			buildActionMask = 2147483647;
			files = (
			);
			runOnlyForDeploymentPostprocessing = 0;
		};
		A8D6A91320C518F7002AC027 /* Frameworks */ = {
			isa = PBXFrameworksBuildPhase;
			buildActionMask = 2147483647;
			files = (
			);
			runOnlyForDeploymentPostprocessing = 0;
		};
/* End PBXFrameworksBuildPhase section */

/* Begin PBXGroup section */
		A8D6A8EB20C518F7002AC027 = {
			isa = PBXGroup;
			children = (
				A8D6A8F620C518F7002AC027 /* MVVMDemo */,
				A8D6A90E20C518F7002AC027 /* MVVMDemoTests */,
				A8D6A91920C518F7002AC027 /* MVVMDemoUITests */,
				A8D6A8F520C518F7002AC027 /* Products */,
			);
			sourceTree = "<group>";
		};
		A8D6A8F520C518F7002AC027 /* Products */ = {
			isa = PBXGroup;
			children = (
				A8D6A8F420C518F7002AC027 /* MVVMDemo.app */,
				A8D6A90B20C518F7002AC027 /* MVVMDemoTests.xctest */,
				A8D6A91620C518F7002AC027 /* MVVMDemoUITests.xctest */,
			);
			name = Products;
			sourceTree = "<group>";
		};
		A8D6A8F620C518F7002AC027 /* MVVMDemo */ = {
			isa = PBXGroup;
			children = (
				A8D6A8F720C518F7002AC027 /* AppDelegate.swift */,
				A8D6A8F920C518F7002AC027 /* ViewController.swift */,
				A8D6A8FB20C518F7002AC027 /* Main.storyboard */,
				A8D6A90120C518F7002AC027 /* Assets.xcassets */,
				A8D6A90320C518F7002AC027 /* LaunchScreen.storyboard */,
				A8D6A90620C518F7002AC027 /* Info.plist */,
				A8D6A8FE20C518F7002AC027 /* MVVMDemo.xcdatamodeld */,
			);
			path = MVVMDemo;
			sourceTree = "<group>";
		};
		A8D6A90E20C518F7002AC027 /* MVVMDemoTests */ = {
			isa = PBXGroup;
			children = (
				A8D6A90F20C518F7002AC027 /* MVVMDemoTests.swift */,
				A8D6A91120C518F7002AC027 /* Info.plist */,
			);
			path = MVVMDemoTests;
			sourceTree = "<group>";
		};
		A8D6A91920C518F7002AC027 /* MVVMDemoUITests */ = {
			isa = PBXGroup;
			children = (
				A8D6A91A20C518F7002AC027 /* MVVMDemoUITests.swift */,
				A8D6A91C20C518F7002AC027 /* Info.plist */,
			);
			path = MVVMDemoUITests;
			sourceTree = "<group>";
		};
/* End PBXGroup section */

/* Begin PBXNativeTarget section */
		A8D6A8F320C518F7002AC027 /* MVVMDemo */ = {
			isa = PBXNativeTarget;
			buildConfigurationList = A8D6A91F20C518F7002AC027 /* Build configuration list for PBXNativeTarget "MVVMDemo" */;
			buildPhases = (
				A8D6A8F020C518F7002AC027 /* Sources */,
				A8D6A8F120C518F7002AC027 /* Frameworks */,
				A8D6A8F220C518F7002AC027 /* Resources */,
			);
			buildRules = (
			);
			dependencies = (
			);
			name = MVVMDemo;
			productName = MVVMDemo;
			productReference = A8D6A8F420C518F7002AC027 /* MVVMDemo.app */;
			productType = "com.apple.product-type.application";
		};
		A8D6A90A20C518F7002AC027 /* MVVMDemoTests */ = {
			isa = PBXNativeTarget;
			buildConfigurationList = A8D6A92220C518F7002AC027 /* Build configuration list for PBXNativeTarget "MVVMDemoTests" */;
			buildPhases = (
				A8D6A90720C518F7002AC027 /* Sources */,
				A8D6A90820C518F7002AC027 /* Frameworks */,
				A8D6A90920C518F7002AC027 /* Resources */,
			);
			buildRules = (
			);
			dependencies = (
				A8D6A90D20C518F7002AC027 /* PBXTargetDependency */,
			);
			name = MVVMDemoTests;
			productName = MVVMDemoTests;
			productReference = A8D6A90B20C518F7002AC027 /* MVVMDemoTests.xctest */;
			productType = "com.apple.product-type.bundle.unit-test";
		};
		A8D6A91520C518F7002AC027 /* MVVMDemoUITests */ = {
			isa = PBXNativeTarget;
			buildConfigurationList = A8D6A92520C518F7002AC027 /* Build configuration list for PBXNativeTarget "MVVMDemoUITests" */;
			buildPhases = (
				A8D6A91220C518F7002AC027 /* Sources */,
				A8D6A91320C518F7002AC027 /* Frameworks */,
				A8D6A91420C518F7002AC027 /* Resources */,
			);
			buildRules = (
			);
			dependencies = (
				A8D6A91820C518F7002AC027 /* PBXTargetDependency */,
			);
			name = MVVMDemoUITests;
			productName = MVVMDemoUITests;
			productReference = A8D6A91620C518F7002AC027 /* MVVMDemoUITests.xctest */;
			productType = "com.apple.product-type.bundle.ui-testing";
		};
/* End PBXNativeTarget section */

/* Begin PBXProject section */
		A8D6A8EC20C518F7002AC027 /* Project object */ = {
			isa = PBXProject;
			attributes = {
				LastSwiftUpdateCheck = 0920;
				LastUpgradeCheck = 0920;
				ORGANIZATIONNAME = "郑小燕";
				TargetAttributes = {
					A8D6A8F320C518F7002AC027 = {
						CreatedOnToolsVersion = 9.2;
						ProvisioningStyle = Automatic;
					};
					A8D6A90A20C518F7002AC027 = {
						CreatedOnToolsVersion = 9.2;
						ProvisioningStyle = Automatic;
						TestTargetID = A8D6A8F320C518F7002AC027;
					};
					A8D6A91520C518F7002AC027 = {
						CreatedOnToolsVersion = 9.2;
						ProvisioningStyle = Automatic;
						TestTargetID = A8D6A8F320C518F7002AC027;
					};
				};
			};
			buildConfigurationList = A8D6A8EF20C518F7002AC027 /* Build configuration list for PBXProject "MVVMDemo" */;
			compatibilityVersion = "Xcode 8.0";
			developmentRegion = en;
			hasScannedForEncodings = 0;
			knownRegions = (
				en,
				Base,
			);
			mainGroup = A8D6A8EB20C518F7002AC027;
			productRefGroup = A8D6A8F520C518F7002AC027 /* Products */;
			projectDirPath = "";
			projectRoot = "";
			targets = (
				A8D6A8F320C518F7002AC027 /* MVVMDemo */,
				A8D6A90A20C518F7002AC027 /* MVVMDemoTests */,
				A8D6A91520C518F7002AC027 /* MVVMDemoUITests */,
			);
		};
/* End PBXProject section */

/* Begin PBXResourcesBuildPhase section */
		A8D6A8F220C518F7002AC027 /* Resources */ = {
			isa = PBXResourcesBuildPhase;
			buildActionMask = 2147483647;
			files = (
				A8D6A90520C518F7002AC027 /* LaunchScreen.storyboard in Resources */,
				A8D6A90220C518F7002AC027 /* Assets.xcassets in Resources */,
				A8D6A8FD20C518F7002AC027 /* Main.storyboard in Resources */,
			);
			runOnlyForDeploymentPostprocessing = 0;
		};
		A8D6A90920C518F7002AC027 /* Resources */ = {
			isa = PBXResourcesBuildPhase;
			buildActionMask = 2147483647;
			files = (
			);
			runOnlyForDeploymentPostprocessing = 0;
		};
		A8D6A91420C518F7002AC027 /* Resources */ = {
			isa = PBXResourcesBuildPhase;
			buildActionMask = 2147483647;
			files = (
			);
			runOnlyForDeploymentPostprocessing = 0;
		};
/* End PBXResourcesBuildPhase section */

/* Begin PBXSourcesBuildPhase section */
		A8D6A8F020C518F7002AC027 /* Sources */ = {
			isa = PBXSourcesBuildPhase;
			buildActionMask = 2147483647;
			files = (
				A8D6A8FA20C518F7002AC027 /* ViewController.swift in Sources */,
				A8D6A90020C518F7002AC027 /* MVVMDemo.xcdatamodeld in Sources */,
				A8D6A8F820C518F7002AC027 /* AppDelegate.swift in Sources */,
			);
			runOnlyForDeploymentPostprocessing = 0;
		};
		A8D6A90720C518F7002AC027 /* Sources */ = {
			isa = PBXSourcesBuildPhase;
			buildActionMask = 2147483647;
			files = (
				A8D6A91020C518F7002AC027 /* MVVMDemoTests.swift in Sources */,
			);
			runOnlyForDeploymentPostprocessing = 0;
		};
		A8D6A91220C518F7002AC027 /* Sources */ = {
			isa = PBXSourcesBuildPhase;
			buildActionMask = 2147483647;
			files = (
				A8D6A91B20C518F7002AC027 /* MVVMDemoUITests.swift in Sources */,
			);
			runOnlyForDeploymentPostprocessing = 0;
		};
/* End PBXSourcesBuildPhase section */

/* Begin PBXTargetDependency section */
		A8D6A90D20C518F7002AC027 /* PBXTargetDependency */ = {
			isa = PBXTargetDependency;
			target = A8D6A8F320C518F7002AC027 /* MVVMDemo */;
			targetProxy = A8D6A90C20C518F7002AC027 /* PBXContainerItemProxy */;
		};
		A8D6A91820C518F7002AC027 /* PBXTargetDependency */ = {
			isa = PBXTargetDependency;
			target = A8D6A8F320C518F7002AC027 /* MVVMDemo */;
			targetProxy = A8D6A91720C518F7002AC027 /* PBXContainerItemProxy */;
		};
/* End PBXTargetDependency section */

/* Begin PBXVariantGroup section */
		A8D6A8FB20C518F7002AC027 /* Main.storyboard */ = {
			isa = PBXVariantGroup;
			children = (
				A8D6A8FC20C518F7002AC027 /* Base */,
			);
			name = Main.storyboard;
			sourceTree = "<group>";
		};
		A8D6A90320C518F7002AC027 /* LaunchScreen.storyboard */ = {
			isa = PBXVariantGroup;
			children = (
				A8D6A90420C518F7002AC027 /* Base */,
			);
			name = LaunchScreen.storyboard;
			sourceTree = "<group>";
		};
/* End PBXVariantGroup section */

/* Begin XCBuildConfiguration section */
		A8D6A91D20C518F7002AC027 /* Debug */ = {
			isa = XCBuildConfiguration;
			buildSettings = {
				ALWAYS_SEARCH_USER_PATHS = NO;
				CLANG_ANALYZER_NONNULL = YES;
				CLANG_ANALYZER_NUMBER_OBJECT_CONVERSION = YES_AGGRESSIVE;
				CLANG_CXX_LANGUAGE_STANDARD = "gnu++14";
				CLANG_CXX_LIBRARY = "libc++";
				CLANG_ENABLE_MODULES = YES;
				CLANG_ENABLE_OBJC_ARC = YES;
				CLANG_WARN_BLOCK_CAPTURE_AUTORELEASING = YES;
				CLANG_WARN_BOOL_CONVERSION = YES;
				CLANG_WARN_COMMA = YES;
				CLANG_WARN_CONSTANT_CONVERSION = YES;
				CLANG_WARN_DIRECT_OBJC_ISA_USAGE = YES_ERROR;
				CLANG_WARN_DOCUMENTATION_COMMENTS = YES;
				CLANG_WARN_EMPTY_BODY = YES;
				CLANG_WARN_ENUM_CONVERSION = YES;
				CLANG_WARN_INFINITE_RECURSION = YES;
				CLANG_WARN_INT_CONVERSION = YES;
				CLANG_WARN_NON_LITERAL_NULL_CONVERSION = YES;
				CLANG_WARN_OBJC_LITERAL_CONVERSION = YES;
				CLANG_WARN_OBJC_ROOT_CLASS = YES_ERROR;
				CLANG_WARN_RANGE_LOOP_ANALYSIS = YES;
				CLANG_WARN_STRICT_PROTOTYPES = YES;
				CLANG_WARN_SUSPICIOUS_MOVE = YES;
				CLANG_WARN_UNGUARDED_AVAILABILITY = YES_AGGRESSIVE;
				CLANG_WARN_UNREACHABLE_CODE = YES;
				CLANG_WARN__DUPLICATE_METHOD_MATCH = YES;
				CODE_SIGN_IDENTITY = "iPhone Developer";
				COPY_PHASE_STRIP = NO;
				DEBUG_INFORMATION_FORMAT = dwarf;
				ENABLE_STRICT_OBJC_MSGSEND = YES;
				ENABLE_TESTABILITY = YES;
				GCC_C_LANGUAGE_STANDARD = gnu11;
				GCC_DYNAMIC_NO_PIC = NO;
				GCC_NO_COMMON_BLOCKS = YES;
				GCC_OPTIMIZATION_LEVEL = 0;
				GCC_PREPROCESSOR_DEFINITIONS = (
					"DEBUG=1",
					"$(inherited)",
				);
				GCC_WARN_64_TO_32_BIT_CONVERSION = YES;
				GCC_WARN_ABOUT_RETURN_TYPE = YES_ERROR;
				GCC_WARN_UNDECLARED_SELECTOR = YES;
				GCC_WARN_UNINITIALIZED_AUTOS = YES_AGGRESSIVE;
				GCC_WARN_UNUSED_FUNCTION = YES;
				GCC_WARN_UNUSED_VARIABLE = YES;
				IPHONEOS_DEPLOYMENT_TARGET = 11.2;
				MTL_ENABLE_DEBUG_INFO = YES;
				ONLY_ACTIVE_ARCH = YES;
				SDKROOT = iphoneos;
				SWIFT_ACTIVE_COMPILATION_CONDITIONS = DEBUG;
				SWIFT_OPTIMIZATION_LEVEL = "-Onone";
			};
			name = Debug;
		};
		A8D6A91E20C518F7002AC027 /* Release */ = {
			isa = XCBuildConfiguration;
			buildSettings = {
				ALWAYS_SEARCH_USER_PATHS = NO;
				CLANG_ANALYZER_NONNULL = YES;
				CLANG_ANALYZER_NUMBER_OBJECT_CONVERSION = YES_AGGRESSIVE;
				CLANG_CXX_LANGUAGE_STANDARD = "gnu++14";
				CLANG_CXX_LIBRARY = "libc++";
				CLANG_ENABLE_MODULES = YES;
				CLANG_ENABLE_OBJC_ARC = YES;
				CLANG_WARN_BLOCK_CAPTURE_AUTORELEASING = YES;
				CLANG_WARN_BOOL_CONVERSION = YES;
				CLANG_WARN_COMMA = YES;
				CLANG_WARN_CONSTANT_CONVERSION = YES;
				CLANG_WARN_DIRECT_OBJC_ISA_USAGE = YES_ERROR;
				CLANG_WARN_DOCUMENTATION_COMMENTS = YES;
				CLANG_WARN_EMPTY_BODY = YES;
				CLANG_WARN_ENUM_CONVERSION = YES;
				CLANG_WARN_INFINITE_RECURSION = YES;
				CLANG_WARN_INT_CONVERSION = YES;
				CLANG_WARN_NON_LITERAL_NULL_CONVERSION = YES;
				CLANG_WARN_OBJC_LITERAL_CONVERSION = YES;
				CLANG_WARN_OBJC_ROOT_CLASS = YES_ERROR;
				CLANG_WARN_RANGE_LOOP_ANALYSIS = YES;
				CLANG_WARN_STRICT_PROTOTYPES = YES;
				CLANG_WARN_SUSPICIOUS_MOVE = YES;
				CLANG_WARN_UNGUARDED_AVAILABILITY = YES_AGGRESSIVE;
				CLANG_WARN_UNREACHABLE_CODE = YES;
				CLANG_WARN__DUPLICATE_METHOD_MATCH = YES;
				CODE_SIGN_IDENTITY = "iPhone Developer";
				COPY_PHASE_STRIP = NO;
				DEBUG_INFORMATION_FORMAT = "dwarf-with-dsym";
				ENABLE_NS_ASSERTIONS = NO;
				ENABLE_STRICT_OBJC_MSGSEND = YES;
				GCC_C_LANGUAGE_STANDARD = gnu11;
				GCC_NO_COMMON_BLOCKS = YES;
				GCC_WARN_64_TO_32_BIT_CONVERSION = YES;
				GCC_WARN_ABOUT_RETURN_TYPE = YES_ERROR;
				GCC_WARN_UNDECLARED_SELECTOR = YES;
				GCC_WARN_UNINITIALIZED_AUTOS = YES_AGGRESSIVE;
				GCC_WARN_UNUSED_FUNCTION = YES;
				GCC_WARN_UNUSED_VARIABLE = YES;
				IPHONEOS_DEPLOYMENT_TARGET = 11.2;
				MTL_ENABLE_DEBUG_INFO = NO;
				SDKROOT = iphoneos;
				SWIFT_OPTIMIZATION_LEVEL = "-Owholemodule";
				VALIDATE_PRODUCT = YES;
			};
			name = Release;
		};
		A8D6A92020C518F7002AC027 /* Debug */ = {
			isa = XCBuildConfiguration;
			buildSettings = {
				ASSETCATALOG_COMPILER_APPICON_NAME = AppIcon;
				CODE_SIGN_STYLE = Automatic;
				DEVELOPMENT_TEAM = S4SZ64K3RL;
				INFOPLIST_FILE = MVVMDemo/Info.plist;
				IPHONEOS_DEPLOYMENT_TARGET = 8.0;
				LD_RUNPATH_SEARCH_PATHS = "$(inherited) @executable_path/Frameworks";
				PRODUCT_BUNDLE_IDENTIFIER = "---.MVVMDemo";
				PRODUCT_NAME = "$(TARGET_NAME)";
				SWIFT_VERSION = 4.0;
				TARGETED_DEVICE_FAMILY = "1,2";
			};
			name = Debug;
		};
		A8D6A92120C518F7002AC027 /* Release */ = {
			isa = XCBuildConfiguration;
			buildSettings = {
				ASSETCATALOG_COMPILER_APPICON_NAME = AppIcon;
				CODE_SIGN_STYLE = Automatic;
				DEVELOPMENT_TEAM = S4SZ64K3RL;
				INFOPLIST_FILE = MVVMDemo/Info.plist;
				IPHONEOS_DEPLOYMENT_TARGET = 8.0;
				LD_RUNPATH_SEARCH_PATHS = "$(inherited) @executable_path/Frameworks";
				PRODUCT_BUNDLE_IDENTIFIER = "---.MVVMDemo";
				PRODUCT_NAME = "$(TARGET_NAME)";
				SWIFT_VERSION = 4.0;
				TARGETED_DEVICE_FAMILY = "1,2";
			};
			name = Release;
		};
		A8D6A92320C518F7002AC027 /* Debug */ = {
			isa = XCBuildConfiguration;
			buildSettings = {
				ALWAYS_EMBED_SWIFT_STANDARD_LIBRARIES = YES;
				BUNDLE_LOADER = "$(TEST_HOST)";
				CODE_SIGN_STYLE = Automatic;
				DEVELOPMENT_TEAM = S4SZ64K3RL;
				INFOPLIST_FILE = MVVMDemoTests/Info.plist;
				LD_RUNPATH_SEARCH_PATHS = "$(inherited) @executable_path/Frameworks @loader_path/Frameworks";
				PRODUCT_BUNDLE_IDENTIFIER = "---.MVVMDemoTests";
				PRODUCT_NAME = "$(TARGET_NAME)";
				SWIFT_VERSION = 4.0;
				TARGETED_DEVICE_FAMILY = "1,2";
				TEST_HOST = "$(BUILT_PRODUCTS_DIR)/MVVMDemo.app/MVVMDemo";
			};
			name = Debug;
		};
		A8D6A92420C518F7002AC027 /* Release */ = {
			isa = XCBuildConfiguration;
			buildSettings = {
				ALWAYS_EMBED_SWIFT_STANDARD_LIBRARIES = YES;
				BUNDLE_LOADER = "$(TEST_HOST)";
				CODE_SIGN_STYLE = Automatic;
				DEVELOPMENT_TEAM = S4SZ64K3RL;
				INFOPLIST_FILE = MVVMDemoTests/Info.plist;
				LD_RUNPATH_SEARCH_PATHS = "$(inherited) @executable_path/Frameworks @loader_path/Frameworks";
				PRODUCT_BUNDLE_IDENTIFIER = "---.MVVMDemoTests";
				PRODUCT_NAME = "$(TARGET_NAME)";
				SWIFT_VERSION = 4.0;
				TARGETED_DEVICE_FAMILY = "1,2";
				TEST_HOST = "$(BUILT_PRODUCTS_DIR)/MVVMDemo.app/MVVMDemo";
			};
			name = Release;
		};
		A8D6A92620C518F7002AC027 /* Debug */ = {
			isa = XCBuildConfiguration;
			buildSettings = {
				ALWAYS_EMBED_SWIFT_STANDARD_LIBRARIES = YES;
				CODE_SIGN_STYLE = Automatic;
				DEVELOPMENT_TEAM = S4SZ64K3RL;
				INFOPLIST_FILE = MVVMDemoUITests/Info.plist;
				LD_RUNPATH_SEARCH_PATHS = "$(inherited) @executable_path/Frameworks @loader_path/Frameworks";
				PRODUCT_BUNDLE_IDENTIFIER = "---.MVVMDemoUITests";
				PRODUCT_NAME = "$(TARGET_NAME)";
				SWIFT_VERSION = 4.0;
				TARGETED_DEVICE_FAMILY = "1,2";
				TEST_TARGET_NAME = MVVMDemo;
			};
			name = Debug;
		};
		A8D6A92720C518F7002AC027 /* Release */ = {
			isa = XCBuildConfiguration;
			buildSettings = {
				ALWAYS_EMBED_SWIFT_STANDARD_LIBRARIES = YES;
				CODE_SIGN_STYLE = Automatic;
				DEVELOPMENT_TEAM = S4SZ64K3RL;
				INFOPLIST_FILE = MVVMDemoUITests/Info.plist;
				LD_RUNPATH_SEARCH_PATHS = "$(inherited) @executable_path/Frameworks @loader_path/Frameworks";
				PRODUCT_BUNDLE_IDENTIFIER = "---.MVVMDemoUITests";
				PRODUCT_NAME = "$(TARGET_NAME)";
				SWIFT_VERSION = 4.0;
				TARGETED_DEVICE_FAMILY = "1,2";
				TEST_TARGET_NAME = MVVMDemo;
			};
			name = Release;
		};
/* End XCBuildConfiguration section */

/* Begin XCConfigurationList section */
		A8D6A8EF20C518F7002AC027 /* Build configuration list for PBXProject "MVVMDemo" */ = {
			isa = XCConfigurationList;
			buildConfigurations = (
				A8D6A91D20C518F7002AC027 /* Debug */,
				A8D6A91E20C518F7002AC027 /* Release */,
			);
			defaultConfigurationIsVisible = 0;
			defaultConfigurationName = Release;
		};
		A8D6A91F20C518F7002AC027 /* Build configuration list for PBXNativeTarget "MVVMDemo" */ = {
			isa = XCConfigurationList;
			buildConfigurations = (
				A8D6A92020C518F7002AC027 /* Debug */,
				A8D6A92120C518F7002AC027 /* Release */,
			);
			defaultConfigurationIsVisible = 0;
			defaultConfigurationName = Release;
		};
		A8D6A92220C518F7002AC027 /* Build configuration list for PBXNativeTarget "MVVMDemoTests" */ = {
			isa = XCConfigurationList;
			buildConfigurations = (
				A8D6A92320C518F7002AC027 /* Debug */,
				A8D6A92420C518F7002AC027 /* Release */,
			);
			defaultConfigurationIsVisible = 0;
			defaultConfigurationName = Release;
		};
		A8D6A92520C518F7002AC027 /* Build configuration list for PBXNativeTarget "MVVMDemoUITests" */ = {
			isa = XCConfigurationList;
			buildConfigurations = (
				A8D6A92620C518F7002AC027 /* Debug */,
				A8D6A92720C518F7002AC027 /* Release */,
			);
			defaultConfigurationIsVisible = 0;
			defaultConfigurationName = Release;
		};
/* End XCConfigurationList section */

/* Begin XCVersionGroup section */
		A8D6A8FE20C518F7002AC027 /* MVVMDemo.xcdatamodeld */ = {
			isa = XCVersionGroup;
			children = (
				A8D6A8FF20C518F7002AC027 /* MVVMDemo.xcdatamodel */,
			);
			currentVersion = A8D6A8FF20C518F7002AC027 /* MVVMDemo.xcdatamodel */;
			path = MVVMDemo.xcdatamodeld;
			sourceTree = "<group>";
			versionGroupType = wrapper.xcdatamodel;
		};
/* End XCVersionGroup section */
	};
	rootObject = A8D6A8EC20C518F7002AC027 /* Project object */;
}
